Microsoft Visual Studio Solution File, Format Version 12.00
# Visual Studio Version 17
VisualStudioVersion = 17.0.3200.208
MinimumVisualStudioVersion = 10.0.40219.1
Project("{FAE04EC0-301F-11D3-BF4B-00C04F79EFBC}") = "rce", "rce.csproj", "{0D5C4F87-4A78-43ED-9A27-5A51CDE4C3E1}"
EndProject
Global
    GlobalSection(SolutionConfigurationPlatforms) = preSolution
        Debug|Any CPU = Debug|Any CPU
        Release|Any CPU = Release|Any CPU
    EndGlobalSection
    GlobalSection(ProjectConfigurationPlatforms) = postSolution
        {ProjectGUID}.Debug|Any CPU.ActiveCfg = Debug|Any CPU
        {ProjectGUID}.Debug|Any CPU.Build.0 = Debug|Any CPU
        {ProjectGUID}.Release|Any CPU.ActiveCfg = Release|Any CPU
        {ProjectGUID}.Release|Any CPU.Build.0 = Release|Any CPU
    EndGlobalSection
    GlobalSection(SolutionProperties) = preSolution
        HideSolutionNode = FALSE
    EndGlobalSection
    GlobalSection(ExtensibilityGlobals) = postSolution
        SolutionGuid = {53A2F1C7-3ABE-4484-8D76-208D02D8B7B0}
    EndGlobalSection
EndGlobal
